
Microsoft Visual Studio Solution File, Format Version 12.00
# Visual Studio Version 16
VisualStudioVersion = 16.0.30011.22
MinimumVisualStudioVersion = 10.0.40219.1
Project("{9A19103F-16F7-4668-BE54-9A1E7A4F7556}") = "CatBreedsDetector.Classification", "CatBreedsDetector.Classification\CatBreedsDetector.Classification.csproj", "{C7169B09-CACD-4897-981C-3CB0A7969A2D}"
EndProject
Project("{9A19103F-16F7-4668-BE54-9A1E7A4F7556}") = "CatBreedsDetector.Web", "CatBreedsDetector.Web\CatBreedsDetector.Web.csproj", "{9909395E-8D9B-4C7F-9393-FD9A754EFF9D}"
EndProject
Project("{9A19103F-16F7-4668-BE54-9A1E7A4F7556}") = "CatBreedsDetector.Common", "CatBreedsDetector.Common\CatBreedsDetector.Common.csproj", "{79A4E903-04F3-4CEF-AF12-56427B74AC9F}"
EndProject
Project("{FAE04EC0-301F-11D3-BF4B-00C04F79EFBC}") = "CatBreedsDetector.TrainingGround", "CatBreedsDetector.TrainingGround\CatBreedsDetector.TrainingGround.csproj", "{0FCFF410-C919-49AB-979A-BF5F7AA0DD57}"
EndProject
Global
	GlobalSection(SolutionConfigurationPlatforms) = preSolution
		Debug|Any CPU = Debug|Any CPU
		Release|Any CPU = Release|Any CPU
	EndGlobalSection
	GlobalSection(ProjectConfigurationPlatforms) = postSolution
		{C7169B09-CACD-4897-981C-3CB0A7969A2D}.Debug|Any CPU.ActiveCfg = Debug|Any CPU
		{C7169B09-CACD-4897-981C-3CB0A7969A2D}.Debug|Any CPU.Build.0 = Debug|Any CPU
		{C7169B09-CACD-4897-981C-3CB0A7969A2D}.Release|Any CPU.ActiveCfg = Release|Any CPU
		{C7169B09-CACD-4897-981C-3CB0A7969A2D}.Release|Any CPU.Build.0 = Release|Any CPU
		{9909395E-8D9B-4C7F-9393-FD9A754EFF9D}.Debug|Any CPU.ActiveCfg = Debug|Any CPU
		{9909395E-8D9B-4C7F-9393-FD9A754EFF9D}.Debug|Any CPU.Build.0 = Debug|Any CPU
		{9909395E-8D9B-4C7F-9393-FD9A754EFF9D}.Release|Any CPU.ActiveCfg = Release|Any CPU
		{9909395E-8D9B-4C7F-9393-FD9A754EFF9D}.Release|Any CPU.Build.0 = Release|Any CPU
		{79A4E903-04F3-4CEF-AF12-56427B74AC9F}.Debug|Any CPU.ActiveCfg = Debug|Any CPU
		{79A4E903-04F3-4CEF-AF12-56427B74AC9F}.Debug|Any CPU.Build.0 = Debug|Any CPU
		{79A4E903-04F3-4CEF-AF12-56427B74AC9F}.Release|Any CPU.ActiveCfg = Release|Any CPU
		{79A4E903-04F3-4CEF-AF12-56427B74AC9F}.Release|Any CPU.Build.0 = Release|Any CPU
		{0FCFF410-C919-49AB-979A-BF5F7AA0DD57}.Debug|Any CPU.ActiveCfg = Debug|Any CPU
		{0FCFF410-C919-49AB-979A-BF5F7AA0DD57}.Debug|Any CPU.Build.0 = Debug|Any CPU
		{0FCFF410-C919-49AB-979A-BF5F7AA0DD57}.Release|Any CPU.ActiveCfg = Release|Any CPU
		{0FCFF410-C919-49AB-979A-BF5F7AA0DD57}.Release|Any CPU.Build.0 = Release|Any CPU
	EndGlobalSection
	GlobalSection(SolutionProperties) = preSolution
		HideSolutionNode = FALSE
	EndGlobalSection
	GlobalSection(ExtensibilityGlobals) = postSolution
		SolutionGuid = {A2ECF3A1-9A31-4AAF-AC96-AE7BE5BDE69A}
	EndGlobalSection
EndGlobal
